# THIS IS AN AUTOGENERATED FILE. DO NOT EDIT THIS FILE DIRECTLY.
# yarn lockfile v1


"@types/prop-types@*":
  version "15.7.3"
  resolved "https://registry.npm.taobao.org/@types/prop-types/download/@types/prop-types-15.7.3.tgz?cache=0&sync_timestamp=1596841511776&other_urls=https%3A%2F%2Fregistry.npm.taobao.org%2F%40types%2Fprop-types%2Fdownload%2F%40types%2Fprop-types-15.7.3.tgz#2ab0d5da2e5815f94b0b9d4b95d1e5f243ab2ca7"
  integrity sha1-KrDV2i5YFflLC51LldHl8kOrLKc=

"@types/react@^16.9.46":
  version "16.9.46"
  resolved "https://registry.npm.taobao.org/@types/react/download/@types/react-16.9.46.tgz?cache=0&sync_timestamp=1597067955686&other_urls=https%3A%2F%2Fregistry.npm.taobao.org%2F%40types%2Freact%2Fdownload%2F%40types%2Freact-16.9.46.tgz#f0326cd7adceda74148baa9bff6e918632f5069e"
  integrity sha1-8DJs163O2nQUi6qb/26RhjL1Bp4=
  dependencies:
    "@types/prop-types" "*"
    csstype "^3.0.2"

csstype@^3.0.2:
  version "3.0.2"
  resolved "https://registry.npm.taobao.org/csstype/download/csstype-3.0.2.tgz?cache=0&sync_timestamp=1596101782194&other_urls=https%3A%2F%2Fregistry.npm.taobao.org%2Fcsstype%2Fdownload%2Fcsstype-3.0.2.tgz#ee5ff8f208c8cd613b389f7b222c9801ca62b3f7"
  integrity sha1-7l/48gjIzWE7OJ97IiyYAcpis/c=

"js-tokens@^3.0.0 || ^4.0.0":
  version "4.0.0"
  resolved "https://registry.npm.taobao.org/js-tokens/download/js-tokens-4.0.0.tgz#19203fb59991df98e3a287050d4647cdeaf32499"
  integrity sha1-GSA/tZmR35jjoocFDUZHzerzJJk=

loose-envify@^1.1.0:
  version "1.4.0"
  resolved "https://registry.npm.taobao.org/loose-envify/download/loose-envify-1.4.0.tgz#71ee51fa7be4caec1a63839f7e682d8132d30caf"
  integrity sha1-ce5R+nvkyuwaY4OffmgtgTLTDK8=
  dependencies:
    js-tokens "^3.0.0 || ^4.0.0"

object-assign@^4.1.1:
  version "4.1.1"
  resolved "https://registry.npm.taobao.org/object-assign/download/object-assign-4.1.1.tgz#2109adc7965887cfc05cbbd442cac8bfbb360863"
  integrity sha1-IQmtx5ZYh8/AXLvUQsrIv7s2CGM=

react@17.0.0-rc.0:
  version "17.0.0-rc.0"
  resolved "https://registry.npm.taobao.org/react/download/react-17.0.0-rc.0.tgz#91a4d2085f07b501175a2434bd65b35aa0e95686"
  integrity sha1-kaTSCF8HtQEXWiQ0vWWzWqDpVoY=
  dependencies:
    loose-envify "^1.1.0"
    object-assign "^4.1.1"

typescript@^4.0.2:
  version "4.0.2"
  resolved "https://registry.npm.taobao.org/typescript/download/typescript-4.0.2.tgz?cache=0&sync_timestamp=1598079002060&other_urls=https%3A%2F%2Fregistry.npm.taobao.org%2Ftypescript%2Fdownload%2Ftypescript-4.0.2.tgz#7ea7c88777c723c681e33bf7988be5d008d05ac2"
  integrity sha1-fqfIh3fHI8aB4zv3mIvl0AjQWsI=
